
Microsoft Visual Studio Solution File, Format Version 12.00
# Visual Studio Version 17
VisualStudioVersion = 17.14.36414.22 d17.14
MinimumVisualStudioVersion = 10.0.40219.1
Project("{FAE04EC0-301F-11D3-BF4B-00C04F79EFBC}") = "Fcg.Core.Abstractions", "Fcg.Core.Abstractions.csproj", "{9B71D617-778D-4ACC-86D2-C7B7A82BB077}"
EndProject
Global
	GlobalSection(SolutionConfigurationPlatforms) = preSolution
		Debug|Any CPU = Debug|Any CPU
		Release|Any CPU = Release|Any CPU
	EndGlobalSection
	GlobalSection(ProjectConfigurationPlatforms) = postSolution
		{9B71D617-778D-4ACC-86D2-C7B7A82BB077}.Debug|Any CPU.ActiveCfg = Debug|Any CPU
		{9B71D617-778D-4ACC-86D2-C7B7A82BB077}.Debug|Any CPU.Build.0 = Debug|Any CPU
		{9B71D617-778D-4ACC-86D2-C7B7A82BB077}.Release|Any CPU.ActiveCfg = Release|Any CPU
		{9B71D617-778D-4ACC-86D2-C7B7A82BB077}.Release|Any CPU.Build.0 = Release|Any CPU
	EndGlobalSection
	GlobalSection(SolutionProperties) = preSolution
		HideSolutionNode = FALSE
	EndGlobalSection
	GlobalSection(ExtensibilityGlobals) = postSolution
		SolutionGuid = {25E19CC9-9B63-4A7B-9669-9A96649D3C79}
	EndGlobalSection
EndGlobal
